
Microsoft Visual Studio Solution File, Format Version 12.00
# Visual Studio 15
VisualStudioVersion = 15.0.28307.1831
MinimumVisualStudioVersion = 10.0.40219.1
Project("{FAE04EC0-301F-11D3-BF4B-00C04F79EFBC}") = "API_RyM", "API_RyM\API_RyM.csproj", "{03FA06E8-9DB6-4630-9A6C-C335FA0B60C3}"
EndProject
Project("{FAE04EC0-301F-11D3-BF4B-00C04F79EFBC}") = "ClienteAPIRest", "ClienteAPIRest\ClienteAPIRest.csproj", "{B0939F2F-D603-4633-9519-6A3B25C43B15}"
EndProject
Project("{FAE04EC0-301F-11D3-BF4B-00C04F79EFBC}") = "API_GobMX", "API_GobMX\API_GobMX.csproj", "{B71295EA-7C06-4CD6-9946-B56D5E327A05}"
EndProject
Project("{FAE04EC0-301F-11D3-BF4B-00C04F79EFBC}") = "API_Simpson", "API_Simpson\API_Simpson.csproj", "{57423E80-DD3C-4433-9DD9-AC4A25EA294F}"
EndProject
Global
	GlobalSection(SolutionConfigurationPlatforms) = preSolution
		Debug|Any CPU = Debug|Any CPU
		Release|Any CPU = Release|Any CPU
	EndGlobalSection
	GlobalSection(ProjectConfigurationPlatforms) = postSolution
		{03FA06E8-9DB6-4630-9A6C-C335FA0B60C3}.Debug|Any CPU.ActiveCfg = Debug|Any CPU
		{03FA06E8-9DB6-4630-9A6C-C335FA0B60C3}.Debug|Any CPU.Build.0 = Debug|Any CPU
		{03FA06E8-9DB6-4630-9A6C-C335FA0B60C3}.Release|Any CPU.ActiveCfg = Release|Any CPU
		{03FA06E8-9DB6-4630-9A6C-C335FA0B60C3}.Release|Any CPU.Build.0 = Release|Any CPU
		{B0939F2F-D603-4633-9519-6A3B25C43B15}.Debug|Any CPU.ActiveCfg = Debug|Any CPU
		{B0939F2F-D603-4633-9519-6A3B25C43B15}.Debug|Any CPU.Build.0 = Debug|Any CPU
		{B0939F2F-D603-4633-9519-6A3B25C43B15}.Release|Any CPU.ActiveCfg = Release|Any CPU
		{B0939F2F-D603-4633-9519-6A3B25C43B15}.Release|Any CPU.Build.0 = Release|Any CPU
		{B71295EA-7C06-4CD6-9946-B56D5E327A05}.Debug|Any CPU.ActiveCfg = Debug|Any CPU
		{B71295EA-7C06-4CD6-9946-B56D5E327A05}.Debug|Any CPU.Build.0 = Debug|Any CPU
		{B71295EA-7C06-4CD6-9946-B56D5E327A05}.Release|Any CPU.ActiveCfg = Release|Any CPU
		{B71295EA-7C06-4CD6-9946-B56D5E327A05}.Release|Any CPU.Build.0 = Release|Any CPU
		{57423E80-DD3C-4433-9DD9-AC4A25EA294F}.Debug|Any CPU.ActiveCfg = Debug|Any CPU
		{57423E80-DD3C-4433-9DD9-AC4A25EA294F}.Debug|Any CPU.Build.0 = Debug|Any CPU
		{57423E80-DD3C-4433-9DD9-AC4A25EA294F}.Release|Any CPU.ActiveCfg = Release|Any CPU
		{57423E80-DD3C-4433-9DD9-AC4A25EA294F}.Release|Any CPU.Build.0 = Release|Any CPU
	EndGlobalSection
	GlobalSection(SolutionProperties) = preSolution
		HideSolutionNode = FALSE
	EndGlobalSection
	GlobalSection(ExtensibilityGlobals) = postSolution
		SolutionGuid = {8EE3FC10-6A1B-4111-A2E6-578F42A77ACA}
	EndGlobalSection
EndGlobal
